// !$*UTF8*$!
{
	archiveVersion = 1;
	classes = {
	};
	objectVersion = 77;
	objects = {

/* Begin PBXBuildFile section */
		F55A42852E0BB71B0021A36B /* SquarePointOfSaleSDK in Frameworks */ = {isa = PBXBuildFile; productRef = F55A42842E0BB71B0021A36B /* SquarePointOfSaleSDK */; };
		F5EE29202DE3BE5600EDEBCE /* SquareMobilePaymentsSDK in Frameworks */ = {isa = PBXBuildFile; productRef = F5EE291F2DE3BE5600EDEBCE /* SquareMobilePaymentsSDK */; };
/* End PBXBuildFile section */

/* Begin PBXContainerItemProxy section */
		F5EE29002DE3BDD100EDEBCE /* PBXContainerItemProxy */ = {
			isa = PBXContainerItemProxy;
			containerPortal = F5EE28EA2DE3BDD000EDEBCE /* Project object */;
			proxyType = 1;
			remoteGlobalIDString = F5EE28F12DE3BDD000EDEBCE;
			remoteInfo = DonationApp;
		};
		F5EE290A2DE3BDD100EDEBCE /* PBXContainerItemProxy */ = {
			isa = PBXContainerItemProxy;
			containerPortal = F5EE28EA2DE3BDD000EDEBCE /* Project object */;
			proxyType = 1;
			remoteGlobalIDString = F5EE28F12DE3BDD000EDEBCE;
			remoteInfo = DonationApp;
		};
/* End PBXContainerItemProxy section */

/* Begin PBXFileReference section */
		F5EE28F22DE3BDD000EDEBCE /* DonationApp.app */ = {isa = PBXFileReference; explicitFileType = wrapper.application; includeInIndex = 0; path = DonationApp.app; sourceTree = BUILT_PRODUCTS_DIR; };
		F5EE28FF2DE3BDD100EDEBCE /* DonationAppTests.xctest */ = {isa = PBXFileReference; explicitFileType = wrapper.cfbundle; includeInIndex = 0; path = DonationAppTests.xctest; sourceTree = BUILT_PRODUCTS_DIR; };
		F5EE29092DE3BDD100EDEBCE /* DonationAppUITests.xctest */ = {isa = PBXFileReference; explicitFileType = wrapper.cfbundle; includeInIndex = 0; path = DonationAppUITests.xctest; sourceTree = BUILT_PRODUCTS_DIR; };
/* End PBXFileReference section */

/* Begin PBXFileSystemSynchronizedBuildFileExceptionSet section */
		F5EE293E2DE3D4A200EDEBCE /* Exceptions for "DonationApp" folder in "DonationApp" target */ = {
			isa = PBXFileSystemSynchronizedBuildFileExceptionSet;
			membershipExceptions = (
				Info.plist,
			);
			target = F5EE28F12DE3BDD000EDEBCE /* DonationApp */;
		};
/* End PBXFileSystemSynchronizedBuildFileExceptionSet section */

/* Begin PBXFileSystemSynchronizedRootGroup section */
		F5EE28F42DE3BDD000EDEBCE /* DonationApp */ = {
			isa = PBXFileSystemSynchronizedRootGroup;
			exceptions = (
				F5EE293E2DE3D4A200EDEBCE /* Exceptions for "DonationApp" folder in "DonationApp" target */,
			);
			path = DonationApp;
			sourceTree = "<group>";
		};
		F5EE29022DE3BDD100EDEBCE /* DonationAppTests */ = {
			isa = PBXFileSystemSynchronizedRootGroup;
			path = DonationAppTests;
			sourceTree = "<group>";
		};
		F5EE290C2DE3BDD100EDEBCE /* DonationAppUITests */ = {
			isa = PBXFileSystemSynchronizedRootGroup;
			path = DonationAppUITests;
			sourceTree = "<group>";
		};
/* End PBXFileSystemSynchronizedRootGroup section */

/* Begin PBXFrameworksBuildPhase section */
		F5EE28EF2DE3BDD000EDEBCE /* Frameworks */ = {
			isa = PBXFrameworksBuildPhase;
			buildActionMask = 2147483647;
			files = (
				F5EE29202DE3BE5600EDEBCE /* SquareMobilePaymentsSDK in Frameworks */,
				F55A42852E0BB71B0021A36B /* SquarePointOfSaleSDK in Frameworks */,
			);
			runOnlyForDeploymentPostprocessing = 0;
		};
		F5EE28FC2DE3BDD100EDEBCE /* Frameworks */ = {
			isa = PBXFrameworksBuildPhase;
			buildActionMask = 2147483647;
			files = (
			);
			runOnlyForDeploymentPostprocessing = 0;
		};
		F5EE29062DE3BDD100EDEBCE /* Frameworks */ = {
			isa = PBXFrameworksBuildPhase;
			buildActionMask = 2147483647;
			files = (
			);
			runOnlyForDeploymentPostprocessing = 0;
		};
/* End PBXFrameworksBuildPhase section */

/* Begin PBXGroup section */
		F55A42832E0BB71B0021A36B /* Frameworks */ = {
			isa = PBXGroup;
			children = (
			);
			name = Frameworks;
			sourceTree = "<group>";
		};
		F5EE28E92DE3BDD000EDEBCE = {
			isa = PBXGroup;
			children = (
				F5EE28F42DE3BDD000EDEBCE /* DonationApp */,
				F5EE29022DE3BDD100EDEBCE /* DonationAppTests */,
				F5EE290C2DE3BDD100EDEBCE /* DonationAppUITests */,
				F55A42832E0BB71B0021A36B /* Frameworks */,
				F5EE28F32DE3BDD000EDEBCE /* Products */,
			);
			sourceTree = "<group>";
		};
		F5EE28F32DE3BDD000EDEBCE /* Products */ = {
			isa = PBXGroup;
			children = (
				F5EE28F22DE3BDD000EDEBCE /* DonationApp.app */,
				F5EE28FF2DE3BDD100EDEBCE /* DonationAppTests.xctest */,
				F5EE29092DE3BDD100EDEBCE /* DonationAppUITests.xctest */,
			);
			name = Products;
			sourceTree = "<group>";
		};
/* End PBXGroup section */

/* Begin PBXNativeTarget section */
		F5EE28F12DE3BDD000EDEBCE /* DonationApp */ = {
			isa = PBXNativeTarget;
			buildConfigurationList = F5EE29132DE3BDD100EDEBCE /* Build configuration list for PBXNativeTarget "DonationApp" */;
			buildPhases = (
				F5EE28EE2DE3BDD000EDEBCE /* Sources */,
				F5EE28EF2DE3BDD000EDEBCE /* Frameworks */,
				F5EE28F02DE3BDD000EDEBCE /* Resources */,
				F5EE29212DE3BEA000EDEBCE /* Run Script */,
			);
			buildRules = (
			);
			dependencies = (
			);
			fileSystemSynchronizedGroups = (
				F5EE28F42DE3BDD000EDEBCE /* DonationApp */,
			);
			name = DonationApp;
			packageProductDependencies = (
				F5EE291F2DE3BE5600EDEBCE /* SquareMobilePaymentsSDK */,
				F55A42842E0BB71B0021A36B /* SquarePointOfSaleSDK */,
			);
			productName = DonationApp;
			productReference = F5EE28F22DE3BDD000EDEBCE /* DonationApp.app */;
			productType = "com.apple.product-type.application";
		};
		F5EE28FE2DE3BDD100EDEBCE /* DonationAppTests */ = {
			isa = PBXNativeTarget;
			buildConfigurationList = F5EE29162DE3BDD100EDEBCE /* Build configuration list for PBXNativeTarget "DonationAppTests" */;
			buildPhases = (
				F5EE28FB2DE3BDD100EDEBCE /* Sources */,
				F5EE28FC2DE3BDD100EDEBCE /* Frameworks */,
				F5EE28FD2DE3BDD100EDEBCE /* Resources */,
			);
			buildRules = (
			);
			dependencies = (
				F5EE29012DE3BDD100EDEBCE /* PBXTargetDependency */,
			);
			fileSystemSynchronizedGroups = (
				F5EE29022DE3BDD100EDEBCE /* DonationAppTests */,
			);
			name = DonationAppTests;
			packageProductDependencies = (
			);
			productName = DonationAppTests;
			productReference = F5EE28FF2DE3BDD100EDEBCE /* DonationAppTests.xctest */;
			productType = "com.apple.product-type.bundle.unit-test";
		};
		F5EE29082DE3BDD100EDEBCE /* DonationAppUITests */ = {
			isa = PBXNativeTarget;
			buildConfigurationList = F5EE29192DE3BDD100EDEBCE /* Build configuration list for PBXNativeTarget "DonationAppUITests" */;
			buildPhases = (
				F5EE29052DE3BDD100EDEBCE /* Sources */,
				F5EE29062DE3BDD100EDEBCE /* Frameworks */,
				F5EE29072DE3BDD100EDEBCE /* Resources */,
			);
			buildRules = (
			);
			dependencies = (
				F5EE290B2DE3BDD100EDEBCE /* PBXTargetDependency */,
			);
			fileSystemSynchronizedGroups = (
				F5EE290C2DE3BDD100EDEBCE /* DonationAppUITests */,
			);
			name = DonationAppUITests;
			packageProductDependencies = (
			);
			productName = DonationAppUITests;
			productReference = F5EE29092DE3BDD100EDEBCE /* DonationAppUITests.xctest */;
			productType = "com.apple.product-type.bundle.ui-testing";
		};
/* End PBXNativeTarget section */

/* Begin PBXProject section */
		F5EE28EA2DE3BDD000EDEBCE /* Project object */ = {
			isa = PBXProject;
			attributes = {
				BuildIndependentTargetsInParallel = 1;
				LastSwiftUpdateCheck = 1630;
				LastUpgradeCheck = 1630;
				TargetAttributes = {
					F5EE28F12DE3BDD000EDEBCE = {
						CreatedOnToolsVersion = 16.3;
					};
					F5EE28FE2DE3BDD100EDEBCE = {
						CreatedOnToolsVersion = 16.3;
						TestTargetID = F5EE28F12DE3BDD000EDEBCE;
					};
					F5EE29082DE3BDD100EDEBCE = {
						CreatedOnToolsVersion = 16.3;
						TestTargetID = F5EE28F12DE3BDD000EDEBCE;
					};
				};
			};
			buildConfigurationList = F5EE28ED2DE3BDD000EDEBCE /* Build configuration list for PBXProject "DonationApp" */;
			developmentRegion = en;
			hasScannedForEncodings = 0;
			knownRegions = (
				en,
				Base,
			);
			mainGroup = F5EE28E92DE3BDD000EDEBCE;
			minimizedProjectReferenceProxies = 1;
			packageReferences = (
				F5EE291C2DE3BE5600EDEBCE /* XCRemoteSwiftPackageReference "mobile-payments-sdk-ios" */,
				F55A42822E0BB4000021A36B /* XCRemoteSwiftPackageReference "SquarePointOfSaleSDK-iOS" */,
			);
			preferredProjectObjectVersion = 77;
			productRefGroup = F5EE28F32DE3BDD000EDEBCE /* Products */;
			projectDirPath = "";
			projectRoot = "";
			targets = (
				F5EE28F12DE3BDD000EDEBCE /* DonationApp */,
				F5EE28FE2DE3BDD100EDEBCE /* DonationAppTests */,
				F5EE29082DE3BDD100EDEBCE /* DonationAppUITests */,
			);
		};
/* End PBXProject section */

/* Begin PBXResourcesBuildPhase section */
		F5EE28F02DE3BDD000EDEBCE /* Resources */ = {
			isa = PBXResourcesBuildPhase;
			buildActionMask = 2147483647;
			files = (
			);
			runOnlyForDeploymentPostprocessing = 0;
		};
		F5EE28FD2DE3BDD100EDEBCE /* Resources */ = {
			isa = PBXResourcesBuildPhase;
			buildActionMask = 2147483647;
			files = (
			);
			runOnlyForDeploymentPostprocessing = 0;
		};
		F5EE29072DE3BDD100EDEBCE /* Resources */ = {
			isa = PBXResourcesBuildPhase;
			buildActionMask = 2147483647;
			files = (
			);
			runOnlyForDeploymentPostprocessing = 0;
		};
/* End PBXResourcesBuildPhase section */

/* Begin PBXShellScriptBuildPhase section */
		F5EE29212DE3BEA000EDEBCE /* Run Script */ = {
			isa = PBXShellScriptBuildPhase;
			buildActionMask = 2147483647;
			files = (
			);
			inputFileListPaths = (
			);
			inputPaths = (
			);
			name = "Run Script";
			outputFileListPaths = (
			);
			outputPaths = (
			);
			runOnlyForDeploymentPostprocessing = 0;
			shellPath = /bin/sh;
			shellScript = "# Type a script or drag a script file from your workspace to insert its path.\nFRAMEWORKS=\"${BUILT_PRODUCTS_DIR}/${FRAMEWORKS_FOLDER_PATH}\"\n\"${FRAMEWORKS}/SquareMobilePaymentsSDK.framework/setup\"\n";
		};
/* End PBXShellScriptBuildPhase section */

/* Begin PBXSourcesBuildPhase section */
		F5EE28EE2DE3BDD000EDEBCE /* Sources */ = {
			isa = PBXSourcesBuildPhase;
			buildActionMask = 2147483647;
			files = (
			);
			runOnlyForDeploymentPostprocessing = 0;
		};
		F5EE28FB2DE3BDD100EDEBCE /* Sources */ = {
			isa = PBXSourcesBuildPhase;
			buildActionMask = 2147483647;
			files = (
			);
			runOnlyForDeploymentPostprocessing = 0;
		};
		F5EE29052DE3BDD100EDEBCE /* Sources */ = {
			isa = PBXSourcesBuildPhase;
			buildActionMask = 2147483647;
			files = (
			);
			runOnlyForDeploymentPostprocessing = 0;
		};
/* End PBXSourcesBuildPhase section */

/* Begin PBXTargetDependency section */
		F5EE29012DE3BDD100EDEBCE /* PBXTargetDependency */ = {
			isa = PBXTargetDependency;
			target = F5EE28F12DE3BDD000EDEBCE /* DonationApp */;
			targetProxy = F5EE29002DE3BDD100EDEBCE /* PBXContainerItemProxy */;
		};
		F5EE290B2DE3BDD100EDEBCE /* PBXTargetDependency */ = {
			isa = PBXTargetDependency;
			target = F5EE28F12DE3BDD000EDEBCE /* DonationApp */;
			targetProxy = F5EE290A2DE3BDD100EDEBCE /* PBXContainerItemProxy */;
		};
/* End PBXTargetDependency section */

/* Begin XCBuildConfiguration section */
		F5EE29112DE3BDD100EDEBCE /* Debug */ = {
			isa = XCBuildConfiguration;
			buildSettings = {
				ALWAYS_SEARCH_USER_PATHS = NO;
				ASSETCATALOG_COMPILER_GENERATE_SWIFT_ASSET_SYMBOL_EXTENSIONS = YES;
				CLANG_ANALYZER_NONNULL = YES;
				CLANG_ANALYZER_NUMBER_OBJECT_CONVERSION = YES_AGGRESSIVE;
				CLANG_CXX_LANGUAGE_STANDARD = "gnu++20";
				CLANG_ENABLE_MODULES = YES;
				CLANG_ENABLE_OBJC_ARC = YES;
				CLANG_ENABLE_OBJC_WEAK = YES;
				CLANG_WARN_BLOCK_CAPTURE_AUTORELEASING = YES;
				CLANG_WARN_BOOL_CONVERSION = YES;
				CLANG_WARN_COMMA = YES;
				CLANG_WARN_CONSTANT_CONVERSION = YES;
				CLANG_WARN_DEPRECATED_OBJC_IMPLEMENTATIONS = YES;
				CLANG_WARN_DIRECT_OBJC_ISA_USAGE = YES_ERROR;
				CLANG_WARN_DOCUMENTATION_COMMENTS = YES;
				CLANG_WARN_EMPTY_BODY = YES;
				CLANG_WARN_ENUM_CONVERSION = YES;
				CLANG_WARN_INFINITE_RECURSION = YES;
				CLANG_WARN_INT_CONVERSION = YES;
				CLANG_WARN_NON_LITERAL_NULL_CONVERSION = YES;
				CLANG_WARN_OBJC_IMPLICIT_RETAIN_SELF = YES;
				CLANG_WARN_OBJC_LITERAL_CONVERSION = YES;
				CLANG_WARN_OBJC_ROOT_CLASS = YES_ERROR;
				CLANG_WARN_QUOTED_INCLUDE_IN_FRAMEWORK_HEADER = YES;
				CLANG_WARN_RANGE_LOOP_ANALYSIS = YES;
				CLANG_WARN_STRICT_PROTOTYPES = YES;
				CLANG_WARN_SUSPICIOUS_MOVE = YES;
				CLANG_WARN_UNGUARDED_AVAILABILITY = YES_AGGRESSIVE;
				CLANG_WARN_UNREACHABLE_CODE = YES;
				CLANG_WARN__DUPLICATE_METHOD_MATCH = YES;
				COPY_PHASE_STRIP = NO;
				DEBUG_INFORMATION_FORMAT = dwarf;
				ENABLE_STRICT_OBJC_MSGSEND = YES;
				ENABLE_TESTABILITY = YES;
				ENABLE_USER_SCRIPT_SANDBOXING = NO;
				GCC_C_LANGUAGE_STANDARD = gnu17;
				GCC_DYNAMIC_NO_PIC = NO;
				GCC_NO_COMMON_BLOCKS = YES;
				GCC_OPTIMIZATION_LEVEL = 0;
				GCC_PREPROCESSOR_DEFINITIONS = (
					"DEBUG=1",
					"$(inherited)",
				);
				GCC_WARN_64_TO_32_BIT_CONVERSION = YES;
				GCC_WARN_ABOUT_RETURN_TYPE = YES_ERROR;
				GCC_WARN_UNDECLARED_SELECTOR = YES;
				GCC_WARN_UNINITIALIZED_AUTOS = YES_AGGRESSIVE;
				GCC_WARN_UNUSED_FUNCTION = YES;
				GCC_WARN_UNUSED_VARIABLE = YES;
				IPHONEOS_DEPLOYMENT_TARGET = 18.4;
				LOCALIZATION_PREFERS_STRING_CATALOGS = YES;
				MTL_ENABLE_DEBUG_INFO = INCLUDE_SOURCE;
				MTL_FAST_MATH = YES;
				ONLY_ACTIVE_ARCH = YES;
				SDKROOT = iphoneos;
				SWIFT_ACTIVE_COMPILATION_CONDITIONS = "DEBUG $(inherited)";
				SWIFT_OPTIMIZATION_LEVEL = "-Onone";
			};
			name = Debug;
		};
		F5EE29122DE3BDD100EDEBCE /* Release */ = {
			isa = XCBuildConfiguration;
			buildSettings = {
				ALWAYS_SEARCH_USER_PATHS = NO;
				ASSETCATALOG_COMPILER_GENERATE_SWIFT_ASSET_SYMBOL_EXTENSIONS = YES;
				CLANG_ANALYZER_NONNULL = YES;
				CLANG_ANALYZER_NUMBER_OBJECT_CONVERSION = YES_AGGRESSIVE;
				CLANG_CXX_LANGUAGE_STANDARD = "gnu++20";
				CLANG_ENABLE_MODULES = YES;
				CLANG_ENABLE_OBJC_ARC = YES;
				CLANG_ENABLE_OBJC_WEAK = YES;
				CLANG_WARN_BLOCK_CAPTURE_AUTORELEASING = YES;
				CLANG_WARN_BOOL_CONVERSION = YES;
				CLANG_WARN_COMMA = YES;
				CLANG_WARN_CONSTANT_CONVERSION = YES;
				CLANG_WARN_DEPRECATED_OBJC_IMPLEMENTATIONS = YES;
				CLANG_WARN_DIRECT_OBJC_ISA_USAGE = YES_ERROR;
				CLANG_WARN_DOCUMENTATION_COMMENTS = YES;
				CLANG_WARN_EMPTY_BODY = YES;
				CLANG_WARN_ENUM_CONVERSION = YES;
				CLANG_WARN_INFINITE_RECURSION = YES;
				CLANG_WARN_INT_CONVERSION = YES;
				CLANG_WARN_NON_LITERAL_NULL_CONVERSION = YES;
				CLANG_WARN_OBJC_IMPLICIT_RETAIN_SELF = YES;
				CLANG_WARN_OBJC_LITERAL_CONVERSION = YES;
				CLANG_WARN_OBJC_ROOT_CLASS = YES_ERROR;
				CLANG_WARN_QUOTED_INCLUDE_IN_FRAMEWORK_HEADER = YES;
				CLANG_WARN_RANGE_LOOP_ANALYSIS = YES;
				CLANG_WARN_STRICT_PROTOTYPES = YES;
				CLANG_WARN_SUSPICIOUS_MOVE = YES;
				CLANG_WARN_UNGUARDED_AVAILABILITY = YES_AGGRESSIVE;
				CLANG_WARN_UNREACHABLE_CODE = YES;
				CLANG_WARN__DUPLICATE_METHOD_MATCH = YES;
				COPY_PHASE_STRIP = NO;
				DEBUG_INFORMATION_FORMAT = "dwarf-with-dsym";
				ENABLE_NS_ASSERTIONS = NO;
				ENABLE_STRICT_OBJC_MSGSEND = YES;
				ENABLE_USER_SCRIPT_SANDBOXING = NO;
				GCC_C_LANGUAGE_STANDARD = gnu17;
				GCC_NO_COMMON_BLOCKS = YES;
				GCC_WARN_64_TO_32_BIT_CONVERSION = YES;
				GCC_WARN_ABOUT_RETURN_TYPE = YES_ERROR;
				GCC_WARN_UNDECLARED_SELECTOR = YES;
				GCC_WARN_UNINITIALIZED_AUTOS = YES_AGGRESSIVE;
				GCC_WARN_UNUSED_FUNCTION = YES;
				GCC_WARN_UNUSED_VARIABLE = YES;
				IPHONEOS_DEPLOYMENT_TARGET = 18.4;
				LOCALIZATION_PREFERS_STRING_CATALOGS = YES;
				MTL_ENABLE_DEBUG_INFO = NO;
				MTL_FAST_MATH = YES;
				SDKROOT = iphoneos;
				SWIFT_COMPILATION_MODE = wholemodule;
				VALIDATE_PRODUCT = YES;
			};
			name = Release;
		};
		F5EE29142DE3BDD100EDEBCE /* Debug */ = {
			isa = XCBuildConfiguration;
			buildSettings = {
				ASSETCATALOG_COMPILER_APPICON_NAME = AppIcon;
				ASSETCATALOG_COMPILER_GLOBAL_ACCENT_COLOR_NAME = AccentColor;
				CODE_SIGN_ENTITLEMENTS = DonationApp/DonationAppDebug.entitlements;
				CODE_SIGN_IDENTITY = "Apple Development";
				CODE_SIGN_STYLE = Automatic;
				CURRENT_PROJECT_VERSION = 1;
				DEVELOPMENT_TEAM = 7LF4C2ZJGY;
				ENABLE_PREVIEWS = YES;
				ENABLE_USER_SCRIPT_SANDBOXING = NO;
				GENERATE_INFOPLIST_FILE = YES;
				INFOPLIST_FILE = DonationApp/Info.plist;
				INFOPLIST_KEY_NSBluetoothAlwaysUsageDescription = "Square uses Bluetooth to connect and communicate with Square readers and compatible accessories.\nSquare uses Bluetooth to connect and communicate with Square readers and compatible accessories.\n";
				INFOPLIST_KEY_NSLocalNetworkUsageDescription = "Your app needs local network access to discover and connect to Square payment hardware for secure transaction processing.";
				INFOPLIST_KEY_NSLocationAlwaysAndWhenInUseUsageDescription = "Square needs to know where transactions take place to reduce risk and minimize payment disputes.";
				INFOPLIST_KEY_NSLocationWhenInUseUsageDescription = "Square needs to know where transactions take place to reduce risk and minimize payment disputes.";
				INFOPLIST_KEY_NSMicrophoneUsageDescription = "Some Square readers use the microphone to communicate payment card data to your device.";
				INFOPLIST_KEY_UIApplicationSceneManifest_Generation = YES;
				INFOPLIST_KEY_UIApplicationSupportsIndirectInputEvents = YES;
				INFOPLIST_KEY_UILaunchScreen_Generation = YES;
				INFOPLIST_KEY_UIRequiresFullScreen = YES;
				INFOPLIST_KEY_UIStatusBarHidden = YES;
				INFOPLIST_KEY_UISupportedInterfaceOrientations_iPad = "UIInterfaceOrientationPortrait UIInterfaceOrientationPortraitUpsideDown UIInterfaceOrientationLandscapeLeft UIInterfaceOrientationLandscapeRight";
				INFOPLIST_KEY_UISupportedInterfaceOrientations_iPhone = "UIInterfaceOrientationPortrait UIInterfaceOrientationLandscapeLeft UIInterfaceOrientationLandscapeRight";
				IPHONEOS_DEPLOYMENT_TARGET = 18.4;
				LD_RUNPATH_SEARCH_PATHS = (
					"$(inherited)",
					"@executable_path/Frameworks",
				);
				MARKETING_VERSION = 1.0;
				PRODUCT_BUNDLE_IDENTIFIER = issohoustondonation.DonationApp;
				PRODUCT_NAME = "$(TARGET_NAME)";
				PROVISIONING_PROFILE_SPECIFIER = "";
				SUPPORTED_PLATFORMS = "iphoneos iphonesimulator";
				SUPPORTS_MACCATALYST = NO;
				SUPPORTS_MAC_DESIGNED_FOR_IPHONE_IPAD = NO;
				SUPPORTS_XR_DESIGNED_FOR_IPHONE_IPAD = NO;
				SWIFT_EMIT_LOC_STRINGS = YES;
				SWIFT_VERSION = 5.0;
				TARGETED_DEVICE_FAMILY = 2;
			};
			name = Debug;
		};
		F5EE29152DE3BDD100EDEBCE /* Release */ = {
			isa = XCBuildConfiguration;
			buildSettings = {
				ASSETCATALOG_COMPILER_APPICON_NAME = AppIcon;
				ASSETCATALOG_COMPILER_GLOBAL_ACCENT_COLOR_NAME = AccentColor;
				CODE_SIGN_ENTITLEMENTS = DonationApp/DonationApp.entitlements;
				CODE_SIGN_STYLE = Manual;
				CURRENT_PROJECT_VERSION = 1;
				DEVELOPMENT_TEAM = "";
				ENABLE_PREVIEWS = YES;
				ENABLE_USER_SCRIPT_SANDBOXING = NO;
				GENERATE_INFOPLIST_FILE = YES;
				INFOPLIST_FILE = DonationApp/Info.plist;
				INFOPLIST_KEY_NSBluetoothAlwaysUsageDescription = "Square uses Bluetooth to connect and communicate with Square readers and compatible accessories.\nSquare uses Bluetooth to connect and communicate with Square readers and compatible accessories.\n";
				INFOPLIST_KEY_NSLocalNetworkUsageDescription = "Your app needs local network access to discover and connect to Square payment hardware for secure transaction processing.";
				INFOPLIST_KEY_NSLocationAlwaysAndWhenInUseUsageDescription = "Square needs to know where transactions take place to reduce risk and minimize payment disputes.";
				INFOPLIST_KEY_NSLocationWhenInUseUsageDescription = "Square needs to know where transactions take place to reduce risk and minimize payment disputes.";
				INFOPLIST_KEY_NSMicrophoneUsageDescription = "Some Square readers use the microphone to communicate payment card data to your device.";
				INFOPLIST_KEY_UIApplicationSceneManifest_Generation = YES;
				INFOPLIST_KEY_UIApplicationSupportsIndirectInputEvents = YES;
				INFOPLIST_KEY_UILaunchScreen_Generation = YES;
				INFOPLIST_KEY_UIRequiresFullScreen = YES;
				INFOPLIST_KEY_UIStatusBarHidden = YES;
				INFOPLIST_KEY_UISupportedInterfaceOrientations_iPad = "UIInterfaceOrientationPortrait UIInterfaceOrientationPortraitUpsideDown UIInterfaceOrientationLandscapeLeft UIInterfaceOrientationLandscapeRight";
				INFOPLIST_KEY_UISupportedInterfaceOrientations_iPhone = "UIInterfaceOrientationPortrait UIInterfaceOrientationLandscapeLeft UIInterfaceOrientationLandscapeRight";
				IPHONEOS_DEPLOYMENT_TARGET = 18.4;
				LD_RUNPATH_SEARCH_PATHS = (
					"$(inherited)",
					"@executable_path/Frameworks",
				);
				MARKETING_VERSION = 1.0;
				PRODUCT_BUNDLE_IDENTIFIER = issohoustondonation.DonationApp;
				PRODUCT_NAME = "$(TARGET_NAME)";
				PROVISIONING_PROFILE_SPECIFIER = "";
				SUPPORTED_PLATFORMS = "iphoneos iphonesimulator";
				SUPPORTS_MACCATALYST = NO;
				SUPPORTS_MAC_DESIGNED_FOR_IPHONE_IPAD = NO;
				SUPPORTS_XR_DESIGNED_FOR_IPHONE_IPAD = NO;
				SWIFT_EMIT_LOC_STRINGS = YES;
				SWIFT_VERSION = 5.0;
				TARGETED_DEVICE_FAMILY = 2;
			};
			name = Release;
		};
		F5EE29172DE3BDD100EDEBCE /* Debug */ = {
			isa = XCBuildConfiguration;
			buildSettings = {
				BUNDLE_LOADER = "$(TEST_HOST)";
				CODE_SIGN_STYLE = Automatic;
				CURRENT_PROJECT_VERSION = 1;
				GENERATE_INFOPLIST_FILE = YES;
				IPHONEOS_DEPLOYMENT_TARGET = 18.4;
				MARKETING_VERSION = 1.0;
				PRODUCT_BUNDLE_IDENTIFIER = issohoustondonation.DonationAppTests;
				PRODUCT_NAME = "$(TARGET_NAME)";
				SWIFT_EMIT_LOC_STRINGS = NO;
				SWIFT_VERSION = 5.0;
				TARGETED_DEVICE_FAMILY = "1,2";
				TEST_HOST = "$(BUILT_PRODUCTS_DIR)/DonationApp.app/$(BUNDLE_EXECUTABLE_FOLDER_PATH)/DonationApp";
			};
			name = Debug;
		};
		F5EE29182DE3BDD100EDEBCE /* Release */ = {
			isa = XCBuildConfiguration;
			buildSettings = {
				BUNDLE_LOADER = "$(TEST_HOST)";
				CODE_SIGN_STYLE = Automatic;
				CURRENT_PROJECT_VERSION = 1;
				GENERATE_INFOPLIST_FILE = YES;
				IPHONEOS_DEPLOYMENT_TARGET = 18.4;
				MARKETING_VERSION = 1.0;
				PRODUCT_BUNDLE_IDENTIFIER = issohoustondonation.DonationAppTests;
				PRODUCT_NAME = "$(TARGET_NAME)";
				SWIFT_EMIT_LOC_STRINGS = NO;
				SWIFT_VERSION = 5.0;
				TARGETED_DEVICE_FAMILY = "1,2";
				TEST_HOST = "$(BUILT_PRODUCTS_DIR)/DonationApp.app/$(BUNDLE_EXECUTABLE_FOLDER_PATH)/DonationApp";
			};
			name = Release;
		};
		F5EE291A2DE3BDD100EDEBCE /* Debug */ = {
			isa = XCBuildConfiguration;
			buildSettings = {
				CODE_SIGN_STYLE = Automatic;
				CURRENT_PROJECT_VERSION = 1;
				GENERATE_INFOPLIST_FILE = YES;
				MARKETING_VERSION = 1.0;
				PRODUCT_BUNDLE_IDENTIFIER = issohoustondonation.DonationAppUITests;
				PRODUCT_NAME = "$(TARGET_NAME)";
				SWIFT_EMIT_LOC_STRINGS = NO;
				SWIFT_VERSION = 5.0;
				TARGETED_DEVICE_FAMILY = "1,2";
				TEST_TARGET_NAME = DonationApp;
			};
			name = Debug;
		};
		F5EE291B2DE3BDD100EDEBCE /* Release */ = {
			isa = XCBuildConfiguration;
			buildSettings = {
				CODE_SIGN_STYLE = Automatic;
				CURRENT_PROJECT_VERSION = 1;
				GENERATE_INFOPLIST_FILE = YES;
				MARKETING_VERSION = 1.0;
				PRODUCT_BUNDLE_IDENTIFIER = issohoustondonation.DonationAppUITests;
				PRODUCT_NAME = "$(TARGET_NAME)";
				SWIFT_EMIT_LOC_STRINGS = NO;
				SWIFT_VERSION = 5.0;
				TARGETED_DEVICE_FAMILY = "1,2";
				TEST_TARGET_NAME = DonationApp;
			};
			name = Release;
		};
/* End XCBuildConfiguration section */

/* Begin XCConfigurationList section */
		F5EE28ED2DE3BDD000EDEBCE /* Build configuration list for PBXProject "DonationApp" */ = {
			isa = XCConfigurationList;
			buildConfigurations = (
				F5EE29112DE3BDD100EDEBCE /* Debug */,
				F5EE29122DE3BDD100EDEBCE /* Release */,
			);
			defaultConfigurationIsVisible = 0;
			defaultConfigurationName = Release;
		};
		F5EE29132DE3BDD100EDEBCE /* Build configuration list for PBXNativeTarget "DonationApp" */ = {
			isa = XCConfigurationList;
			buildConfigurations = (
				F5EE29142DE3BDD100EDEBCE /* Debug */,
				F5EE29152DE3BDD100EDEBCE /* Release */,
			);
			defaultConfigurationIsVisible = 0;
			defaultConfigurationName = Release;
		};
		F5EE29162DE3BDD100EDEBCE /* Build configuration list for PBXNativeTarget "DonationAppTests" */ = {
			isa = XCConfigurationList;
			buildConfigurations = (
				F5EE29172DE3BDD100EDEBCE /* Debug */,
				F5EE29182DE3BDD100EDEBCE /* Release */,
			);
			defaultConfigurationIsVisible = 0;
			defaultConfigurationName = Release;
		};
		F5EE29192DE3BDD100EDEBCE /* Build configuration list for PBXNativeTarget "DonationAppUITests" */ = {
			isa = XCConfigurationList;
			buildConfigurations = (
				F5EE291A2DE3BDD100EDEBCE /* Debug */,
				F5EE291B2DE3BDD100EDEBCE /* Release */,
			);
			defaultConfigurationIsVisible = 0;
			defaultConfigurationName = Release;
		};
/* End XCConfigurationList section */

/* Begin XCRemoteSwiftPackageReference section */
		F55A42822E0BB4000021A36B /* XCRemoteSwiftPackageReference "SquarePointOfSaleSDK-iOS" */ = {
			isa = XCRemoteSwiftPackageReference;
			repositoryURL = "https://github.com/square/SquarePointOfSaleSDK-iOS";
			requirement = {
				kind = exactVersion;
				version = 3.5.4;
			};
		};
		F5EE291C2DE3BE5600EDEBCE /* XCRemoteSwiftPackageReference "mobile-payments-sdk-ios" */ = {
			isa = XCRemoteSwiftPackageReference;
			repositoryURL = "https://github.com/square/mobile-payments-sdk-ios";
			requirement = {
				kind = exactVersion;
				version = 2.0.1;
			};
		};
/* End XCRemoteSwiftPackageReference section */

/* Begin XCSwiftPackageProductDependency section */
		F55A42842E0BB71B0021A36B /* SquarePointOfSaleSDK */ = {
			isa = XCSwiftPackageProductDependency;
			package = F55A42822E0BB4000021A36B /* XCRemoteSwiftPackageReference "SquarePointOfSaleSDK-iOS" */;
			productName = SquarePointOfSaleSDK;
		};
		F5EE291F2DE3BE5600EDEBCE /* SquareMobilePaymentsSDK */ = {
			isa = XCSwiftPackageProductDependency;
			package = F5EE291C2DE3BE5600EDEBCE /* XCRemoteSwiftPackageReference "mobile-payments-sdk-ios" */;
			productName = SquareMobilePaymentsSDK;
		};
/* End XCSwiftPackageProductDependency section */
	};
	rootObject = F5EE28EA2DE3BDD000EDEBCE /* Project object */;
}
