{
  "originHash" : "ad61dfa67c5e205c60585b93eedaeab335936225aaecde8d70adda3f245d5ec9",
  "pins" : [
    {
      "identity" : "mobile-payments-sdk-ios",
      "kind" : "remoteSourceControl",
      "location" : "https://github.com/square/mobile-payments-sdk-ios",
      "state" : {
        "revision" : "b20cf6fb702c6cbf3d1751255a212992be0fc1ce",
        "version" : "2.0.1"
      }
    },
    {
      "identity" : "squarepointofsalesdk-ios",
      "kind" : "remoteSourceControl",
      "location" : "https://github.com/square/SquarePointOfSaleSDK-iOS",
      "state" : {
        "revision" : "b3b37f113f92ff07d1e60bea624a81dd1f00840a",
        "version" : "3.5.4"
      }
    }
  ],
  "version" : 3
}
